
Microsoft Visual Studio Solution File, Format Version 12.00
# Visual Studio Version 17
VisualStudioVersion = 17.0.31903.59
MinimumVisualStudioVersion = 10.0.40219.1
Project("{FAE04EC0-301F-11D3-BF4B-00C04F79EFBC}") = "Domain", "Domain\Domain.csproj", "{1FAFF226-83BC-4340-8C22-628814CE578B}"
EndProject
Project("{FAE04EC0-301F-11D3-BF4B-00C04F79EFBC}") = "Infrostruckture", "Infrostruckture\Infrostruckture.csproj", "{6FA4F6B1-5FC6-4AA4-981F-E1EF0C7A590E}"
EndProject
Project("{FAE04EC0-301F-11D3-BF4B-00C04F79EFBC}") = "MigratorDb", "MigratorDb.csproj", "{DA868198-58A5-4245-837F-FB2BBA85FDE6}"
EndProject
Global
	GlobalSection(SolutionConfigurationPlatforms) = preSolution
		Debug|Any CPU = Debug|Any CPU
		Release|Any CPU = Release|Any CPU
	EndGlobalSection
	GlobalSection(SolutionProperties) = preSolution
		HideSolutionNode = FALSE
	EndGlobalSection
	GlobalSection(ProjectConfigurationPlatforms) = postSolution
		{1FAFF226-83BC-4340-8C22-628814CE578B}.Debug|Any CPU.ActiveCfg = Debug|Any CPU
		{1FAFF226-83BC-4340-8C22-628814CE578B}.Debug|Any CPU.Build.0 = Debug|Any CPU
		{1FAFF226-83BC-4340-8C22-628814CE578B}.Release|Any CPU.ActiveCfg = Release|Any CPU
		{1FAFF226-83BC-4340-8C22-628814CE578B}.Release|Any CPU.Build.0 = Release|Any CPU
		{6FA4F6B1-5FC6-4AA4-981F-E1EF0C7A590E}.Debug|Any CPU.ActiveCfg = Debug|Any CPU
		{6FA4F6B1-5FC6-4AA4-981F-E1EF0C7A590E}.Debug|Any CPU.Build.0 = Debug|Any CPU
		{6FA4F6B1-5FC6-4AA4-981F-E1EF0C7A590E}.Release|Any CPU.ActiveCfg = Release|Any CPU
		{6FA4F6B1-5FC6-4AA4-981F-E1EF0C7A590E}.Release|Any CPU.Build.0 = Release|Any CPU
		{DA868198-58A5-4245-837F-FB2BBA85FDE6}.Debug|Any CPU.ActiveCfg = Debug|Any CPU
		{DA868198-58A5-4245-837F-FB2BBA85FDE6}.Debug|Any CPU.Build.0 = Debug|Any CPU
		{DA868198-58A5-4245-837F-FB2BBA85FDE6}.Release|Any CPU.ActiveCfg = Release|Any CPU
		{DA868198-58A5-4245-837F-FB2BBA85FDE6}.Release|Any CPU.Build.0 = Release|Any CPU
	EndGlobalSection
EndGlobal
